
Microsoft Visual Studio Solution File, Format Version 12.00
# Visual Studio Version 16
VisualStudioVersion = 16.0.28803.352
MinimumVisualStudioVersion = 10.0.40219.1
Project("{FAE04EC0-301F-11D3-BF4B-00C04F79EFBC}") = "Udlånsregistrering", "Udlånsregistrering\Udlånsregistrering.csproj", "{897C3D52-5B65-4633-BAC8-5281AE10B48E}"
EndProject
Global
	GlobalSection(SolutionConfigurationPlatforms) = preSolution
		Debug|Any CPU = Debug|Any CPU
		Release|Any CPU = Release|Any CPU
	EndGlobalSection
	GlobalSection(ProjectConfigurationPlatforms) = postSolution
		{897C3D52-5B65-4633-BAC8-5281AE10B48E}.Debug|Any CPU.ActiveCfg = Debug|Any CPU
		{897C3D52-5B65-4633-BAC8-5281AE10B48E}.Debug|Any CPU.Build.0 = Debug|Any CPU
		{897C3D52-5B65-4633-BAC8-5281AE10B48E}.Release|Any CPU.ActiveCfg = Release|Any CPU
		{897C3D52-5B65-4633-BAC8-5281AE10B48E}.Release|Any CPU.Build.0 = Release|Any CPU
	EndGlobalSection
	GlobalSection(SolutionProperties) = preSolution
		HideSolutionNode = FALSE
	EndGlobalSection
	GlobalSection(ExtensibilityGlobals) = postSolution
		SolutionGuid = {9CD4699F-5627-4E41-9359-BD26E34EEA37}
	EndGlobalSection
EndGlobal
